
Microsoft Visual Studio Solution File, Format Version 12.00
# Visual Studio Version 17
VisualStudioVersion = 17.7.34221.43
MinimumVisualStudioVersion = 10.0.40219.1
Project("{888888A0-9F3D-457C-B088-3A5042F75D52}") = "Group Project", "Group Project\Group Project.pyproj", "{2EBE3AFA-DB11-441F-90A9-1AB2168DC592}"
EndProject
Global
	GlobalSection(SolutionConfigurationPlatforms) = preSolution
		Debug|Any CPU = Debug|Any CPU
		Release|Any CPU = Release|Any CPU
	EndGlobalSection
	GlobalSection(ProjectConfigurationPlatforms) = postSolution
		{2EBE3AFA-DB11-441F-90A9-1AB2168DC592}.Debug|Any CPU.ActiveCfg = Debug|Any CPU
		{2EBE3AFA-DB11-441F-90A9-1AB2168DC592}.Release|Any CPU.ActiveCfg = Release|Any CPU
	EndGlobalSection
	GlobalSection(SolutionProperties) = preSolution
		HideSolutionNode = FALSE
	EndGlobalSection
	GlobalSection(ExtensibilityGlobals) = postSolution
		SolutionGuid = {2A3BD2CE-60DF-4746-9277-69579C71D68A}
	EndGlobalSection
EndGlobal
